
Microsoft Visual Studio Solution File, Format Version 12.00
# Visual Studio Version 17
VisualStudioVersion = 17.0.31903.59
MinimumVisualStudioVersion = 10.0.40219.1
Project("{FAE04EC0-301F-11D3-BF4B-00C04F79EFBC}") = "RightSize", "RightSize\RightSize.csproj", "{2473581A-AEC2-4A4C-AECE-E85FA8FBAD17}"
EndProject
Project("{FAE04EC0-301F-11D3-BF4B-00C04F79EFBC}") = "ChangeString", "ChangeString\ChangeString.csproj", "{787DA479-AFB5-498A-BE21-6BEA110626A2}"
EndProject
Project("{FAE04EC0-301F-11D3-BF4B-00C04F79EFBC}") = "ArrayMult", "ArrayMult\ArrayMult.csproj", "{8174B959-A5AD-4126-B757-AE275F07E0D6}"
EndProject
Project("{FAE04EC0-301F-11D3-BF4B-00C04F79EFBC}") = "HeroPerks", "HeroPerks\HeroPerks.csproj", "{592ADC3F-E8A7-48B8-81C6-DFCC688510C6}"
EndProject
Project("{FAE04EC0-301F-11D3-BF4B-00C04F79EFBC}") = "PowTwoUntil", "PowTwoUntil\PowTwoUntil.csproj", "{03891CF6-BC18-4E31-A004-5A218E74F7C8}"
EndProject
Project("{FAE04EC0-301F-11D3-BF4B-00C04F79EFBC}") = "FamousQuotes", "FamousQuotes\FamousQuotes.csproj", "{42CA64DD-DF28-4D53-A6B8-DB622785D0C8}"
EndProject
Project("{FAE04EC0-301F-11D3-BF4B-00C04F79EFBC}") = "RPS", "RPS\RPS.csproj", "{051A64DC-C5E5-497B-B390-0D054E30362D}"
EndProject
Global
	GlobalSection(SolutionConfigurationPlatforms) = preSolution
		Debug|Any CPU = Debug|Any CPU
		Release|Any CPU = Release|Any CPU
	EndGlobalSection
	GlobalSection(SolutionProperties) = preSolution
		HideSolutionNode = FALSE
	EndGlobalSection
	GlobalSection(ProjectConfigurationPlatforms) = postSolution
		{2473581A-AEC2-4A4C-AECE-E85FA8FBAD17}.Debug|Any CPU.ActiveCfg = Debug|Any CPU
		{2473581A-AEC2-4A4C-AECE-E85FA8FBAD17}.Debug|Any CPU.Build.0 = Debug|Any CPU
		{2473581A-AEC2-4A4C-AECE-E85FA8FBAD17}.Release|Any CPU.ActiveCfg = Release|Any CPU
		{2473581A-AEC2-4A4C-AECE-E85FA8FBAD17}.Release|Any CPU.Build.0 = Release|Any CPU
		{787DA479-AFB5-498A-BE21-6BEA110626A2}.Debug|Any CPU.ActiveCfg = Debug|Any CPU
		{787DA479-AFB5-498A-BE21-6BEA110626A2}.Debug|Any CPU.Build.0 = Debug|Any CPU
		{787DA479-AFB5-498A-BE21-6BEA110626A2}.Release|Any CPU.ActiveCfg = Release|Any CPU
		{787DA479-AFB5-498A-BE21-6BEA110626A2}.Release|Any CPU.Build.0 = Release|Any CPU
		{8174B959-A5AD-4126-B757-AE275F07E0D6}.Debug|Any CPU.ActiveCfg = Debug|Any CPU
		{8174B959-A5AD-4126-B757-AE275F07E0D6}.Debug|Any CPU.Build.0 = Debug|Any CPU
		{8174B959-A5AD-4126-B757-AE275F07E0D6}.Release|Any CPU.ActiveCfg = Release|Any CPU
		{8174B959-A5AD-4126-B757-AE275F07E0D6}.Release|Any CPU.Build.0 = Release|Any CPU
		{592ADC3F-E8A7-48B8-81C6-DFCC688510C6}.Debug|Any CPU.ActiveCfg = Debug|Any CPU
		{592ADC3F-E8A7-48B8-81C6-DFCC688510C6}.Debug|Any CPU.Build.0 = Debug|Any CPU
		{592ADC3F-E8A7-48B8-81C6-DFCC688510C6}.Release|Any CPU.ActiveCfg = Release|Any CPU
		{592ADC3F-E8A7-48B8-81C6-DFCC688510C6}.Release|Any CPU.Build.0 = Release|Any CPU
		{03891CF6-BC18-4E31-A004-5A218E74F7C8}.Debug|Any CPU.ActiveCfg = Debug|Any CPU
		{03891CF6-BC18-4E31-A004-5A218E74F7C8}.Debug|Any CPU.Build.0 = Debug|Any CPU
		{03891CF6-BC18-4E31-A004-5A218E74F7C8}.Release|Any CPU.ActiveCfg = Release|Any CPU
		{03891CF6-BC18-4E31-A004-5A218E74F7C8}.Release|Any CPU.Build.0 = Release|Any CPU
		{42CA64DD-DF28-4D53-A6B8-DB622785D0C8}.Debug|Any CPU.ActiveCfg = Debug|Any CPU
		{42CA64DD-DF28-4D53-A6B8-DB622785D0C8}.Debug|Any CPU.Build.0 = Debug|Any CPU
		{42CA64DD-DF28-4D53-A6B8-DB622785D0C8}.Release|Any CPU.ActiveCfg = Release|Any CPU
		{42CA64DD-DF28-4D53-A6B8-DB622785D0C8}.Release|Any CPU.Build.0 = Release|Any CPU
		{051A64DC-C5E5-497B-B390-0D054E30362D}.Debug|Any CPU.ActiveCfg = Debug|Any CPU
		{051A64DC-C5E5-497B-B390-0D054E30362D}.Debug|Any CPU.Build.0 = Debug|Any CPU
		{051A64DC-C5E5-497B-B390-0D054E30362D}.Release|Any CPU.ActiveCfg = Release|Any CPU
		{051A64DC-C5E5-497B-B390-0D054E30362D}.Release|Any CPU.Build.0 = Release|Any CPU
	EndGlobalSection
EndGlobal
