
Microsoft Visual Studio Solution File, Format Version 12.00
# Visual Studio Version 17
VisualStudioVersion = 17.5.002.0
MinimumVisualStudioVersion = 10.0.40219.1
Project("{9A19103F-16F7-4668-BE54-9A1E7A4F7556}") = "RightSize", "RightSize.csproj", "{F2561A67-8E70-429C-A0E1-35D07AD549E6}"
EndProject
Global
	GlobalSection(SolutionConfigurationPlatforms) = preSolution
		Debug|Any CPU = Debug|Any CPU
		Release|Any CPU = Release|Any CPU
	EndGlobalSection
	GlobalSection(ProjectConfigurationPlatforms) = postSolution
		{F2561A67-8E70-429C-A0E1-35D07AD549E6}.Debug|Any CPU.ActiveCfg = Debug|Any CPU
		{F2561A67-8E70-429C-A0E1-35D07AD549E6}.Debug|Any CPU.Build.0 = Debug|Any CPU
		{F2561A67-8E70-429C-A0E1-35D07AD549E6}.Release|Any CPU.ActiveCfg = Release|Any CPU
		{F2561A67-8E70-429C-A0E1-35D07AD549E6}.Release|Any CPU.Build.0 = Release|Any CPU
	EndGlobalSection
	GlobalSection(SolutionProperties) = preSolution
		HideSolutionNode = FALSE
	EndGlobalSection
	GlobalSection(ExtensibilityGlobals) = postSolution
		SolutionGuid = {A68D1737-4376-4B08-8E81-E3C06459064F}
	EndGlobalSection
EndGlobal
